{
  "name": "quiz-app",
  "lockfileVersion": 2,
  "requires": true,
  "packages": {
    "": {
      "dependencies": {
        "@zip.js/zip.js": "^2.7.31"
      }
    },
    "node_modules/@zip.js/zip.js": {
      "version": "2.7.31",
      "resolved": "https://registry.npmjs.org/@zip.js/zip.js/-/zip.js-2.7.31.tgz",
      "integrity": "sha512-Q4XWZO0IXLEzHB580LUgca/KpwX9/KdtDTvfhqKqiirYL5hHvOmWjD+gyqRhv+Muk7I+LpVZvx9E+WsPv5G4Sw==",
      "engines": {
        "bun": ">=0.7.0",
        "deno": ">=1.0.0",
        "node": ">=16.5.0"
      }
    }
  },
  "dependencies": {
    "@zip.js/zip.js": {
      "version": "2.7.31",
      "resolved": "https://registry.npmjs.org/@zip.js/zip.js/-/zip.js-2.7.31.tgz",
      "integrity": "sha512-Q4XWZO0IXLEzHB580LUgca/KpwX9/KdtDTvfhqKqiirYL5hHvOmWjD+gyqRhv+Muk7I+LpVZvx9E+WsPv5G4Sw=="
    }
  }
}
